
Microsoft Visual Studio Solution File, Format Version 12.00
# Visual Studio 2012
Project("{2150E333-8FDC-42A3-9474-1A3956D46DE8}") = "Representations", "Representations", "{BDCBD6E2-16F6-466F-8F03-0C506F4C79E7}"
EndProject
Project("{2150E333-8FDC-42A3-9474-1A3956D46DE8}") = "Dependencies", "Dependencies", "{4073B18F-D900-4996-B5E3-0243311417AE}"
EndProject
Project("{FAE04EC0-301F-11D3-BF4B-00C04F79EFBC}") = "eMI3_GeoJSON", "..\Core\Representations\eMI3_GeoJSON\eMI3_GeoJSON.csproj", "{5FECD89D-80C3-407A-9CCD-2B6180882F17}"
EndProject
Project("{FAE04EC0-301F-11D3-BF4B-00C04F79EFBC}") = "eMI3_JSON-LD", "..\Core\Representations\eMI3_JSON-LD\eMI3_JSON-LD.csproj", "{0FDF7565-A2B4-4AE6-B18C-57C927D4A532}"
EndProject
Project("{FAE04EC0-301F-11D3-BF4B-00C04F79EFBC}") = "eMI3_RDF", "..\Core\Representations\eMI3_RDF\eMI3_RDF.csproj", "{0FBD2942-FE7A-4D7C-A57C-59172506E2E0}"
EndProject
Project("{FAE04EC0-301F-11D3-BF4B-00C04F79EFBC}") = "eMI3_XML", "..\Core\Representations\eMI3_XML\eMI3_XML.csproj", "{98E75E5F-03B6-4003-A6C1-CB94E3888010}"
EndProject
Project("{FAE04EC0-301F-11D3-BF4B-00C04F79EFBC}") = "eMI3_OICP", "eMI3_OICP\eMI3_OICP.csproj", "{9BE2DABC-D5EE-4970-9543-8764B42FD4C8}"
EndProject
Project("{FAE04EC0-301F-11D3-BF4B-00C04F79EFBC}") = "eMI3_OICP_UnitTests", "eMI3_OICP_UnitTests\eMI3_OICP_UnitTests.csproj", "{CB25F973-FED9-497B-A3A6-A6249ACDF910}"
EndProject
Project("{FAE04EC0-301F-11D3-BF4B-00C04F79EFBC}") = "eMI3_Core", "..\Core\eMI3_Core\eMI3_Core.csproj", "{33836742-AF1D-4AA4-963F-B0A8E60E6480}"
EndProject
Project("{FAE04EC0-301F-11D3-BF4B-00C04F79EFBC}") = "eMI3_Core_UnitTests", "..\Core\eMI3_Core_UnitTests\eMI3_Core_UnitTests.csproj", "{C07EA868-FCF7-4919-AC03-7B6D97F81040}"
EndProject
Global
	GlobalSection(SolutionConfigurationPlatforms) = preSolution
		Debug|Any CPU = Debug|Any CPU
		Release|Any CPU = Release|Any CPU
	EndGlobalSection
	GlobalSection(ProjectConfigurationPlatforms) = postSolution
		{5FECD89D-80C3-407A-9CCD-2B6180882F17}.Debug|Any CPU.ActiveCfg = Debug|Any CPU
		{5FECD89D-80C3-407A-9CCD-2B6180882F17}.Debug|Any CPU.Build.0 = Debug|Any CPU
		{5FECD89D-80C3-407A-9CCD-2B6180882F17}.Release|Any CPU.ActiveCfg = Release|Any CPU
		{5FECD89D-80C3-407A-9CCD-2B6180882F17}.Release|Any CPU.Build.0 = Release|Any CPU
		{0FDF7565-A2B4-4AE6-B18C-57C927D4A532}.Debug|Any CPU.ActiveCfg = Debug|Any CPU
		{0FDF7565-A2B4-4AE6-B18C-57C927D4A532}.Debug|Any CPU.Build.0 = Debug|Any CPU
		{0FDF7565-A2B4-4AE6-B18C-57C927D4A532}.Release|Any CPU.ActiveCfg = Release|Any CPU
		{0FDF7565-A2B4-4AE6-B18C-57C927D4A532}.Release|Any CPU.Build.0 = Release|Any CPU
		{0FBD2942-FE7A-4D7C-A57C-59172506E2E0}.Debug|Any CPU.ActiveCfg = Debug|Any CPU
		{0FBD2942-FE7A-4D7C-A57C-59172506E2E0}.Debug|Any CPU.Build.0 = Debug|Any CPU
		{0FBD2942-FE7A-4D7C-A57C-59172506E2E0}.Release|Any CPU.ActiveCfg = Release|Any CPU
		{0FBD2942-FE7A-4D7C-A57C-59172506E2E0}.Release|Any CPU.Build.0 = Release|Any CPU
		{98E75E5F-03B6-4003-A6C1-CB94E3888010}.Debug|Any CPU.ActiveCfg = Debug|Any CPU
		{98E75E5F-03B6-4003-A6C1-CB94E3888010}.Debug|Any CPU.Build.0 = Debug|Any CPU
		{98E75E5F-03B6-4003-A6C1-CB94E3888010}.Release|Any CPU.ActiveCfg = Release|Any CPU
		{98E75E5F-03B6-4003-A6C1-CB94E3888010}.Release|Any CPU.Build.0 = Release|Any CPU
		{9BE2DABC-D5EE-4970-9543-8764B42FD4C8}.Debug|Any CPU.ActiveCfg = Debug|Any CPU
		{9BE2DABC-D5EE-4970-9543-8764B42FD4C8}.Debug|Any CPU.Build.0 = Debug|Any CPU
		{9BE2DABC-D5EE-4970-9543-8764B42FD4C8}.Release|Any CPU.ActiveCfg = Release|Any CPU
		{9BE2DABC-D5EE-4970-9543-8764B42FD4C8}.Release|Any CPU.Build.0 = Release|Any CPU
		{CB25F973-FED9-497B-A3A6-A6249ACDF910}.Debug|Any CPU.ActiveCfg = Debug|Any CPU
		{CB25F973-FED9-497B-A3A6-A6249ACDF910}.Debug|Any CPU.Build.0 = Debug|Any CPU
		{CB25F973-FED9-497B-A3A6-A6249ACDF910}.Release|Any CPU.ActiveCfg = Release|Any CPU
		{CB25F973-FED9-497B-A3A6-A6249ACDF910}.Release|Any CPU.Build.0 = Release|Any CPU
		{33836742-AF1D-4AA4-963F-B0A8E60E6480}.Debug|Any CPU.ActiveCfg = Debug|Any CPU
		{33836742-AF1D-4AA4-963F-B0A8E60E6480}.Debug|Any CPU.Build.0 = Debug|Any CPU
		{33836742-AF1D-4AA4-963F-B0A8E60E6480}.Release|Any CPU.ActiveCfg = Release|Any CPU
		{33836742-AF1D-4AA4-963F-B0A8E60E6480}.Release|Any CPU.Build.0 = Release|Any CPU
		{C07EA868-FCF7-4919-AC03-7B6D97F81040}.Debug|Any CPU.ActiveCfg = Debug|Any CPU
		{C07EA868-FCF7-4919-AC03-7B6D97F81040}.Debug|Any CPU.Build.0 = Debug|Any CPU
		{C07EA868-FCF7-4919-AC03-7B6D97F81040}.Release|Any CPU.ActiveCfg = Release|Any CPU
		{C07EA868-FCF7-4919-AC03-7B6D97F81040}.Release|Any CPU.Build.0 = Release|Any CPU
	EndGlobalSection
	GlobalSection(SolutionProperties) = preSolution
		HideSolutionNode = FALSE
	EndGlobalSection
	GlobalSection(NestedProjects) = preSolution
		{BDCBD6E2-16F6-466F-8F03-0C506F4C79E7} = {4073B18F-D900-4996-B5E3-0243311417AE}
		{33836742-AF1D-4AA4-963F-B0A8E60E6480} = {4073B18F-D900-4996-B5E3-0243311417AE}
		{C07EA868-FCF7-4919-AC03-7B6D97F81040} = {4073B18F-D900-4996-B5E3-0243311417AE}
		{5FECD89D-80C3-407A-9CCD-2B6180882F17} = {BDCBD6E2-16F6-466F-8F03-0C506F4C79E7}
		{0FDF7565-A2B4-4AE6-B18C-57C927D4A532} = {BDCBD6E2-16F6-466F-8F03-0C506F4C79E7}
		{0FBD2942-FE7A-4D7C-A57C-59172506E2E0} = {BDCBD6E2-16F6-466F-8F03-0C506F4C79E7}
		{98E75E5F-03B6-4003-A6C1-CB94E3888010} = {BDCBD6E2-16F6-466F-8F03-0C506F4C79E7}
	EndGlobalSection
EndGlobal
